{
  "version": 4,
  "terraform_version": "1.6.2",
  "serial": 2637,
  "lineage": "96042ef6-638f-f29d-fa48-58b905c71816",
  "outputs": {
    "access_key_id": {
      "value": "AKIAQQEUAITQ2S63Y4HQ",
      "type": "string",
      "sensitive": true
    },
    "access_key_id-2": {
      "value": "AKIAQQEUAITQZTPE2DP2",
      "type": "string",
      "sensitive": true
    },
    "access_key_id-3": {
      "value": "AKIAQQEUAITQY6BB37EP",
      "type": "string",
      "sensitive": true
    },
    "secret_access_key": {
      "value": "Tc9Pw9lOYshrYcIjNUr8onHIGjUI0i14fNL3/GHp",
      "type": "string",
      "sensitive": true
    },
    "secret_access_key-2": {
      "value": "5K4ESPbru5QrE8/ClciQcBrvswkBIBs0OSkJpL0C",
      "type": "string",
      "sensitive": true
    },
    "secret_access_key-3": {
      "value": "5ZHrmzUVAa5oqdVoc2JUbTBOHSGSVsowA6fntK+R",
      "type": "string",
      "sensitive": true
    }
  },
  "resources": [
    {
      "mode": "managed",
      "type": "aws_autoscaling_attachment",
      "name": "app1_asg_attachment",
      "provider": "provider[\"registry.terraform.io/hashicorp/aws\"]",
      "instances": [
        {
          "schema_version": 0,
          "attributes": {
            "alb_target_group_arn": "arn:aws:elasticloadbalancing:us-east-1:034670134497:targetgroup/app1-target-group/4526d3c2caabc522",
            "autoscaling_group_name": "app1-auto-scaling-group-20231202183222399100000003",
            "elb": null,
            "id": "app1-auto-scaling-group-20231202183222399100000003-20231202183439201400000004"
          },
          "sensitive_attributes": [],
          "private": "bnVsbA==",
          "dependencies": [
            "aws_autoscaling_group.app1_asg",
            "aws_launch_template.app1_LT",
            "aws_lb_target_group.app1_tg",
            "aws_security_group.JURKINS",
            "aws_subnet.private-us-east-1a",
            "aws_subnet.private-us-east-1b",
            "aws_subnet.private-us-east-1c",
            "aws_vpc.my-first-terraform-VPC"
          ]
        }
      ]
    },
    {
      "mode": "managed",
      "type": "aws_autoscaling_group",
      "name": "app1_asg",
      "provider": "provider[\"registry.terraform.io/hashicorp/aws\"]",
      "instances": [
        {
          "schema_version": 0,
          "attributes": {
            "arn": "arn:aws:autoscaling:us-east-1:034670134497:autoScalingGroup:e8814df2-5eac-49bf-a891-8c2093ff75da:autoScalingGroupName/app1-auto-scaling-group-20231202183222399100000003",
            "availability_zones": [
              "us-east-1a",
              "us-east-1b",
              "us-east-1c"
            ],
            "capacity_rebalance": false,
            "default_cooldown": 300,
            "desired_capacity": 6,
            "enabled_metrics": [
              "GroupDesiredCapacity",
              "GroupInServiceInstances",
              "GroupMaxSize",
              "GroupMinSize",
              "GroupTotalInstances"
            ],
            "force_delete": true,
            "force_delete_warm_pool": false,
            "health_check_grace_period": 300,
            "health_check_type": "ELB",
            "id": "app1-auto-scaling-group-20231202183222399100000003",
            "initial_lifecycle_hook": [
              {
                "default_result": "CONTINUE",
                "heartbeat_timeout": 300,
                "lifecycle_transition": "autoscaling:EC2_INSTANCE_TERMINATING",
                "name": "scale-in-protection",
                "notification_metadata": "",
                "notification_target_arn": "",
                "role_arn": ""
              },
              {
                "default_result": "CONTINUE",
                "heartbeat_timeout": 60,
                "lifecycle_transition": "autoscaling:EC2_INSTANCE_LAUNCHING",
                "name": "instance-protection-launch",
                "notification_metadata": "{\"key\":\"value\"}",
                "notification_target_arn": "",
                "role_arn": ""
              }
            ],
            "instance_refresh": [],
            "launch_configuration": "",
            "launch_template": [
              {
                "id": "lt-069615bd23e057865",
                "name": "JURKINS20231202183212429200000001",
                "version": "$Latest"
              }
            ],
            "load_balancers": null,
            "max_instance_lifetime": 0,
            "max_size": 15,
            "metrics_granularity": "1Minute",
            "min_elb_capacity": null,
            "min_size": 3,
            "mixed_instances_policy": [],
            "name": "app1-auto-scaling-group-20231202183222399100000003",
            "name_prefix": "app1-auto-scaling-group-",
            "placement_group": "",
            "protect_from_scale_in": false,
            "service_linked_role_arn": "arn:aws:iam::034670134497:role/aws-service-role/autoscaling.amazonaws.com/AWSServiceRoleForAutoScaling",
            "suspended_processes": null,
            "tag": [
              {
                "key": "Environment",
                "propagate_at_launch": true,
                "value": "Production"
              },
              {
                "key": "Name",
                "propagate_at_launch": true,
                "value": "app1-instance"
              }
            ],
            "tags": null,
            "target_group_arns": [
              "arn:aws:elasticloadbalancing:us-east-1:034670134497:targetgroup/app1-target-group/4526d3c2caabc522"
            ],
            "termination_policies": null,
            "timeouts": null,
            "vpc_zone_identifier": [
              "subnet-002e0ea7b4728661d",
              "subnet-08eb1c141162b503c",
              "subnet-0c46871bc59f3a6c3"
            ],
            "wait_for_capacity_timeout": "10m",
            "wait_for_elb_capacity": null,
            "warm_pool": []
          },
          "sensitive_attributes": [],
          "private": "eyJlMmJmYjczMC1lY2FhLTExZTYtOGY4OC0zNDM2M2JjN2M0YzAiOnsiZGVsZXRlIjo2MDAwMDAwMDAwMDB9fQ==",
          "dependencies": [
            "aws_launch_template.app1_LT",
            "aws_lb_target_group.app1_tg",
            "aws_security_group.JURKINS",
            "aws_subnet.private-us-east-1a",
            "aws_subnet.private-us-east-1b",
            "aws_subnet.private-us-east-1c",
            "aws_vpc.my-first-terraform-VPC"
          ]
        }
      ]
    },
    {
      "mode": "managed",
      "type": "aws_autoscaling_policy",
      "name": "app1_scaling_policy",
      "provider": "provider[\"registry.terraform.io/hashicorp/aws\"]",
      "instances": [
        {
          "schema_version": 0,
          "attributes": {
            "adjustment_type": "",
            "arn": "arn:aws:autoscaling:us-east-1:034670134497:scalingPolicy:1b487c2d-5a1a-4aba-b10b-fe3131eaa450:autoScalingGroupName/app1-auto-scaling-group-20231202183222399100000003:policyName/app1-cpu-target",
            "autoscaling_group_name": "app1-auto-scaling-group-20231202183222399100000003",
            "cooldown": 0,
            "estimated_instance_warmup": 120,
            "id": "app1-cpu-target",
            "metric_aggregation_type": "",
            "min_adjustment_magnitude": null,
            "name": "app1-cpu-target",
            "policy_type": "TargetTrackingScaling",
            "predictive_scaling_configuration": [],
            "scaling_adjustment": 0,
            "step_adjustment": [],
            "target_tracking_configuration": [
              {
                "customized_metric_specification": [],
                "disable_scale_in": false,
                "predefined_metric_specification": [
                  {
                    "predefined_metric_type": "ASGAverageCPUUtilization",
                    "resource_label": ""
                  }
                ],
                "target_value": 75
              }
            ]
          },
          "sensitive_attributes": [],
          "private": "bnVsbA==",
          "dependencies": [
            "aws_autoscaling_group.app1_asg",
            "aws_launch_template.app1_LT",
            "aws_lb_target_group.app1_tg",
            "aws_security_group.JURKINS",
            "aws_subnet.private-us-east-1a",
            "aws_subnet.private-us-east-1b",
            "aws_subnet.private-us-east-1c",
            "aws_vpc.my-first-terraform-VPC"
          ]
        }
      ]
    },
    {
      "mode": "managed",
      "type": "aws_eip",
      "name": "nat",
      "provider": "provider[\"registry.terraform.io/hashicorp/aws\"]",
      "instances": [
        {
          "schema_version": 0,
          "attributes": {
            "address": null,
            "allocation_id": "eipalloc-076da65c5fd1be4c2",
            "associate_with_private_ip": null,
            "association_id": "",
            "carrier_ip": "",
            "customer_owned_ip": "",
            "customer_owned_ipv4_pool": "",
            "domain": "vpc",
            "id": "eipalloc-076da65c5fd1be4c2",
            "instance": "",
            "network_border_group": "us-east-1",
            "network_interface": "",
            "private_dns": null,
            "private_ip": "",
            "public_dns": "ec2-34-234-127-209.compute-1.amazonaws.com",
            "public_ip": "34.234.127.209",
            "public_ipv4_pool": "amazon",
            "tags": {
              "Name": "nat gatewayzzzz"
            },
            "tags_all": {
              "Name": "nat gatewayzzzz"
            },
            "timeouts": null,
            "vpc": true
          },
          "sensitive_attributes": [],
          "private": "eyJlMmJmYjczMC1lY2FhLTExZTYtOGY4OC0zNDM2M2JjN2M0YzAiOnsiZGVsZXRlIjoxODAwMDAwMDAwMDAsInJlYWQiOjkwMDAwMDAwMDAwMCwidXBkYXRlIjozMDAwMDAwMDAwMDB9fQ=="
        }
      ]
    },
    {
      "mode": "managed",
      "type": "aws_iam_access_key",
      "name": "JURKINS_access_key",
      "provider": "provider[\"registry.terraform.io/hashicorp/aws\"]",
      "instances": [
        {
          "schema_version": 0,
          "attributes": {
            "create_date": "2023-12-02T18:32:05Z",
            "encrypted_secret": null,
            "encrypted_ses_smtp_password_v4": null,
            "id": "AKIAQQEUAITQY6BB37EP",
            "key_fingerprint": null,
            "pgp_key": null,
            "secret": "5ZHrmzUVAa5oqdVoc2JUbTBOHSGSVsowA6fntK+R",
            "ses_smtp_password_v4": "BC+uEVgoxNPiUvUnuwrdqFRvSx2Utc109IWE2UKY0/tW",
            "status": "Active",
            "user": "JURKINS"
          },
          "sensitive_attributes": [],
          "private": "bnVsbA==",
          "dependencies": [
            "aws_iam_user.JURKINS"
          ]
        }
      ]
    },
    {
      "mode": "managed",
      "type": "aws_iam_access_key",
      "name": "Peter-Griffin_access_key",
      "provider": "provider[\"registry.terraform.io/hashicorp/aws\"]",
      "instances": [
        {
          "schema_version": 0,
          "attributes": {
            "create_date": "2023-12-02T18:32:05Z",
            "encrypted_secret": null,
            "encrypted_ses_smtp_password_v4": null,
            "id": "AKIAQQEUAITQ2S63Y4HQ",
            "key_fingerprint": null,
            "pgp_key": null,
            "secret": "Tc9Pw9lOYshrYcIjNUr8onHIGjUI0i14fNL3/GHp",
            "ses_smtp_password_v4": "BJg9CuVHyK7wyzF2+y+FKxoPrPlb+ITNp094zijjUD7U",
            "status": "Active",
            "user": "Peter-Griffin"
          },
          "sensitive_attributes": [],
          "private": "bnVsbA==",
          "dependencies": [
            "aws_iam_user.Peter-Griffin"
          ]
        }
      ]
    },
    {
      "mode": "managed",
      "type": "aws_iam_access_key",
      "name": "Thanos_access_key",
      "provider": "provider[\"registry.terraform.io/hashicorp/aws\"]",
      "instances": [
        {
          "schema_version": 0,
          "attributes": {
            "create_date": "2023-12-02T18:32:05Z",
            "encrypted_secret": null,
            "encrypted_ses_smtp_password_v4": null,
            "id": "AKIAQQEUAITQZTPE2DP2",
            "key_fingerprint": null,
            "pgp_key": null,
            "secret": "5K4ESPbru5QrE8/ClciQcBrvswkBIBs0OSkJpL0C",
            "ses_smtp_password_v4": "BMBZtGRIJ8mXEe8kvf7NLV/cjnUqAWE+h//y9Ii/CFKx",
            "status": "Active",
            "user": "Thanos"
          },
          "sensitive_attributes": [],
          "private": "bnVsbA==",
          "dependencies": [
            "aws_iam_user.Thanos"
          ]
        }
      ]
    },
    {
      "mode": "managed",
      "type": "aws_iam_group",
      "name": "terraform-developers",
      "provider": "provider[\"registry.terraform.io/hashicorp/aws\"]",
      "instances": [
        {
          "schema_version": 0,
          "attributes": {
            "arn": "arn:aws:iam::034670134497:group/terraform-developers",
            "id": "terraform-developers",
            "name": "terraform-developers",
            "path": "/",
            "unique_id": "AGPAQQEUAITQYME6CVLEI"
          },
          "sensitive_attributes": [],
          "private": "bnVsbA=="
        }
      ]
    },
    {
      "mode": "managed",
      "type": "aws_iam_group_membership",
      "name": "JURKINS_membership",
      "provider": "provider[\"registry.terraform.io/hashicorp/aws\"]",
      "instances": [
        {
          "schema_version": 0,
          "attributes": {
            "group": "terraform-developers",
            "id": "JURKINS",
            "name": "JURKINS",
            "users": [
              "JURKINS"
            ]
          },
          "sensitive_attributes": [],
          "private": "bnVsbA==",
          "dependencies": [
            "aws_iam_group.terraform-developers",
            "aws_iam_user.JURKINS"
          ]
        }
      ]
    },
    {
      "mode": "managed",
      "type": "aws_iam_group_membership",
      "name": "Peter-Griffen_membership",
      "provider": "provider[\"registry.terraform.io/hashicorp/aws\"]",
      "instances": [
        {
          "schema_version": 0,
          "attributes": {
            "group": "terraform-developers",
            "id": "Peter-Griffin",
            "name": "Peter-Griffin",
            "users": [
              "Peter-Griffin"
            ]
          },
          "sensitive_attributes": [],
          "private": "bnVsbA==",
          "dependencies": [
            "aws_iam_group.terraform-developers",
            "aws_iam_user.Peter-Griffin"
          ]
        }
      ]
    },
    {
      "mode": "managed",
      "type": "aws_iam_group_membership",
      "name": "Thanos_membership",
      "provider": "provider[\"registry.terraform.io/hashicorp/aws\"]",
      "instances": [
        {
          "schema_version": 0,
          "attributes": {
            "group": "terraform-developers",
            "id": "Thanos",
            "name": "Thanos",
            "users": [
              "Thanos"
            ]
          },
          "sensitive_attributes": [],
          "private": "bnVsbA==",
          "dependencies": [
            "aws_iam_group.terraform-developers",
            "aws_iam_user.Thanos"
          ]
        }
      ]
    },
    {
      "mode": "managed",
      "type": "aws_iam_user",
      "name": "JURKINS",
      "provider": "provider[\"registry.terraform.io/hashicorp/aws\"]",
      "instances": [
        {
          "schema_version": 0,
          "attributes": {
            "arn": "arn:aws:iam::034670134497:user/JURKINS",
            "force_destroy": false,
            "id": "JURKINS",
            "name": "JURKINS",
            "path": "/",
            "permissions_boundary": null,
            "tags": null,
            "tags_all": {},
            "unique_id": "AIDAQQEUAITQ7JGNDCTDZ"
          },
          "sensitive_attributes": [],
          "private": "bnVsbA=="
        }
      ]
    },
    {
      "mode": "managed",
      "type": "aws_iam_user",
      "name": "Peter-Griffin",
      "provider": "provider[\"registry.terraform.io/hashicorp/aws\"]",
      "instances": [
        {
          "schema_version": 0,
          "attributes": {
            "arn": "arn:aws:iam::034670134497:user/Peter-Griffin",
            "force_destroy": false,
            "id": "Peter-Griffin",
            "name": "Peter-Griffin",
            "path": "/",
            "permissions_boundary": null,
            "tags": null,
            "tags_all": {},
            "unique_id": "AIDAQQEUAITQWJUWXOYDO"
          },
          "sensitive_attributes": [],
          "private": "bnVsbA=="
        }
      ]
    },
    {
      "mode": "managed",
      "type": "aws_iam_user",
      "name": "Thanos",
      "provider": "provider[\"registry.terraform.io/hashicorp/aws\"]",
      "instances": [
        {
          "schema_version": 0,
          "attributes": {
            "arn": "arn:aws:iam::034670134497:user/Thanos",
            "force_destroy": false,
            "id": "Thanos",
            "name": "Thanos",
            "path": "/",
            "permissions_boundary": null,
            "tags": null,
            "tags_all": {},
            "unique_id": "AIDAQQEUAITQUTQIVMBUA"
          },
          "sensitive_attributes": [],
          "private": "bnVsbA=="
        }
      ]
    },
    {
      "mode": "managed",
      "type": "aws_instance",
      "name": "JURKINS",
      "provider": "provider[\"registry.terraform.io/hashicorp/aws\"]",
      "instances": [
        {
          "schema_version": 1,
          "attributes": {
            "ami": "ami-0230bd60aa48260c6",
            "arn": "arn:aws:ec2:us-east-1:034670134497:instance/i-0d13c50d43c829d89",
            "associate_public_ip_address": true,
            "availability_zone": "us-east-1a",
            "capacity_reservation_specification": [
              {
                "capacity_reservation_preference": "open",
                "capacity_reservation_target": []
              }
            ],
            "cpu_core_count": 1,
            "cpu_threads_per_core": 1,
            "credit_specification": [
              {
                "cpu_credits": "standard"
              }
            ],
            "disable_api_termination": false,
            "ebs_block_device": [],
            "ebs_optimized": false,
            "enclave_options": [
              {
                "enabled": false
              }
            ],
            "ephemeral_block_device": [],
            "get_password_data": false,
            "hibernation": false,
            "host_id": null,
            "iam_instance_profile": "",
            "id": "i-0d13c50d43c829d89",
            "instance_initiated_shutdown_behavior": "stop",
            "instance_state": "running",
            "instance_type": "t2.micro",
            "ipv6_address_count": 0,
            "ipv6_addresses": [],
            "key_name": "souel-ine3-374",
            "launch_template": [],
            "metadata_options": [
              {
                "http_endpoint": "enabled",
                "http_put_response_hop_limit": 2,
                "http_tokens": "required",
                "instance_metadata_tags": "disabled"
              }
            ],
            "monitoring": false,
            "network_interface": [],
            "outpost_arn": "",
            "password_data": "",
            "placement_group": "",
            "placement_partition_number": null,
            "primary_network_interface_id": "eni-0491d477461b84ea7",
            "private_dns": "ip-10-87-1-14.ec2.internal",
            "private_ip": "10.87.1.14",
            "public_dns": "",
            "public_ip": "34.227.79.168",
            "root_block_device": [
              {
                "delete_on_termination": true,
                "device_name": "/dev/xvda",
                "encrypted": false,
                "iops": 3000,
                "kms_key_id": "",
                "tags": {},
                "throughput": 125,
                "volume_id": "vol-01cb5828462e6846c",
                "volume_size": 8,
                "volume_type": "gp3"
              }
            ],
            "secondary_private_ips": [],
            "security_groups": [],
            "source_dest_check": true,
            "subnet_id": "subnet-01623bd88236abb0a",
            "tags": {
              "Name": "\u003cJURKINS-INSTANCE-WITH-THE-UD\u003e"
            },
            "tags_all": {
              "Name": "\u003cJURKINS-INSTANCE-WITH-THE-UD\u003e"
            },
            "tenancy": "default",
            "timeouts": null,
            "user_data": "4112ebd368475557693fa9621d80624c3bdaf75d",
            "user_data_base64": null,
            "volume_tags": null,
            "vpc_security_group_ids": [
              "sg-0e2e556556a54edeb"
            ]
          },
          "sensitive_attributes": [],
          "private": "eyJlMmJmYjczMC1lY2FhLTExZTYtOGY4OC0zNDM2M2JjN2M0YzAiOnsiY3JlYXRlIjo2MDAwMDAwMDAwMDAsImRlbGV0ZSI6MTIwMDAwMDAwMDAwMCwidXBkYXRlIjo2MDAwMDAwMDAwMDB9LCJzY2hlbWFfdmVyc2lvbiI6IjEifQ==",
          "dependencies": [
            "aws_security_group.JURKINS",
            "aws_subnet.public-us-east-1a",
            "aws_vpc.my-first-terraform-VPC"
          ]
        }
      ]
    },
    {
      "mode": "managed",
      "type": "aws_internet_gateway",
      "name": "igw",
      "provider": "provider[\"registry.terraform.io/hashicorp/aws\"]",
      "instances": [
        {
          "schema_version": 0,
          "attributes": {
            "arn": "arn:aws:ec2:us-east-1:034670134497:internet-gateway/igw-0e9f21a90234a93e5",
            "id": "igw-0e9f21a90234a93e5",
            "owner_id": "034670134497",
            "tags": {
              "Name": "project-1-VPC",
              "Owner": "강아지",
              "Planet": "몰라 알려줘",
              "Service": "애플 일"
            },
            "tags_all": {
              "Name": "project-1-VPC",
              "Owner": "강아지",
              "Planet": "몰라 알려줘",
              "Service": "애플 일"
            },
            "vpc_id": "vpc-0728d73384977fb36"
          },
          "sensitive_attributes": [],
          "private": "bnVsbA==",
          "dependencies": [
            "aws_vpc.my-first-terraform-VPC"
          ]
        }
      ]
    },
    {
      "mode": "managed",
      "type": "aws_launch_template",
      "name": "app1_LT",
      "provider": "provider[\"registry.terraform.io/hashicorp/aws\"]",
      "instances": [
        {
          "schema_version": 0,
          "attributes": {
            "arn": "arn:aws:ec2:us-east-1:034670134497:launch-template/lt-069615bd23e057865",
            "block_device_mappings": [],
            "capacity_reservation_specification": [],
            "cpu_options": [],
            "credit_specification": [],
            "default_version": 1,
            "description": "",
            "disable_api_termination": false,
            "ebs_optimized": "",
            "elastic_gpu_specifications": [],
            "elastic_inference_accelerator": [],
            "enclave_options": [],
            "hibernation_options": [],
            "iam_instance_profile": [],
            "id": "lt-069615bd23e057865",
            "image_id": "ami-0230bd60aa48260c6",
            "instance_initiated_shutdown_behavior": "",
            "instance_market_options": [],
            "instance_type": "t2.micro",
            "kernel_id": "",
            "key_name": "seoul-line1-116",
            "latest_version": 1,
            "license_specification": [],
            "metadata_options": [],
            "monitoring": [],
            "name": "JURKINS20231202183212429200000001",
            "name_prefix": "JURKINS",
            "network_interfaces": [],
            "placement": [],
            "ram_disk_id": "",
            "security_group_names": null,
            "tag_specifications": [
              {
                "resource_type": "instance",
                "tags": {
                  "Name": "app1_LT",
                  "Owner": "Chewbacca",
                  "Planet": "Mustafar",
                  "Service": "application1"
                }
              }
            ],
            "tags": null,
            "tags_all": {},
            "update_default_version": null,
            "user_data": "IyEvYmluL2Jhc2gNCiMgVXNlIHRoaXMgZm9yIHlvdXIgdXNlciBkYXRhIChzY3JpcHQgZnJvbSB0b3AgdG8gYm90dG9tKQ0KIyBpbnN0YWxsIGh0dHBkIChMaW51eCAyIHZlcnNpb24pDQp5dW0gdXBkYXRlIC15DQp5dW0gaW5zdGFsbCAteSBodHRwZA0Kc3lzdGVtY3RsIHN0YXJ0IGh0dHBkDQpzeXN0ZW1jdGwgZW5hYmxlIGh0dHBkDQoNCiMgR2V0IHRoZSBJTURTdjIgdG9rZW4NClRPS0VOPSQoY3VybCAtWCBQVVQgImh0dHA6Ly8xNjkuMjU0LjE2OS4yNTQvbGF0ZXN0L2FwaS90b2tlbiIgLUggIlgtYXdzLWVjMi1tZXRhZGF0YS10b2tlbi10dGwtc2Vjb25kczogMjE2MDAiKQ0KDQojIEJhY2tncm91bmQgdGhlIGN1cmwgcmVxdWVzdHMNCmN1cmwgLUggIlgtYXdzLWVjMi1tZXRhZGF0YS10b2tlbjogJFRPS0VOIiAtcyBodHRwOi8vMTY5LjI1NC4xNjkuMjU0L2xhdGVzdC9tZXRhLWRhdGEvbG9jYWwtaXB2NCAmPiAvdG1wL2xvY2FsX2lwdjQgJg0KY3VybCAtSCAiWC1hd3MtZWMyLW1ldGFkYXRhLXRva2VuOiAkVE9LRU4iIC1zIGh0dHA6Ly8xNjkuMjU0LjE2OS4yNTQvbGF0ZXN0L21ldGEtZGF0YS9wbGFjZW1lbnQvYXZhaWxhYmlsaXR5LXpvbmUgJj4gL3RtcC9heiAmDQpjdXJsIC1IICJYLWF3cy1lYzItbWV0YWRhdGEtdG9rZW46ICRUT0tFTiIgLXMgaHR0cDovLzE2OS4yNTQuMTY5LjI1NC9sYXRlc3QvbWV0YS1kYXRhL25ldHdvcmsvaW50ZXJmYWNlcy9tYWNzLyAmPiAvdG1wL21hY2lkICYNCndhaXQNCg0KbWFjaWQ9JChjYXQgL3RtcC9tYWNpZCkNCmxvY2FsX2lwdjQ9JChjYXQgL3RtcC9sb2NhbF9pcHY0KQ0KYXo9JChjYXQgL3RtcC9heikNCnZwYz0kKGN1cmwgLUggIlgtYXdzLWVjMi1tZXRhZGF0YS10b2tlbjogJFRPS0VOIiAtcyBodHRwOi8vMTY5LjI1NC4xNjkuMjU0L2xhdGVzdC9tZXRhLWRhdGEvbmV0d29yay9pbnRlcmZhY2VzL21hY3MvJG1hY2lkL3ZwYy1pZCkNCg0KZWNobyAiDQo8IWRvY3R5cGUgaHRtbD4NCjxodG1sIGxhbmc9XCJlblwiIGNsYXNzPVwiaC0xMDBcIj4NCjxoZWFkPg0KPHRpdGxlPkRldGFpbHMgZm9yIEVDMiBpbnN0YW5jZTwvdGl0bGU+DQo8L2hlYWQ+DQo8Ym9keT4NCjxkaXY+DQoNCjxoMT7ri7nsi6DsnbQg7Kex6rWsIOyVjOyVhD88L2gxPg0KDQo8YnI+DQo8aWZyYW1lIHdpZHRoPSI1NjAiIGhlaWdodD0iMzE1IiBzcmM9Imh0dHBzOi8vd3d3LnlvdXR1YmUuY29tL2VtYmVkL3hoNU14ZXQ5ckNrP3NpPWtGQW4xUUsxdXU3dEREWVYiIHRpdGxlPSJZb3VUdWJlIHZpZGVvIHBsYXllciIgZnJhbWVib3JkZXI9IjAiIGFsbG93PSJhY2NlbGVyb21ldGVyOyBhdXRvcGxheTsgY2xpcGJvYXJkLXdyaXRlOyBlbmNyeXB0ZWQtbWVkaWE7IGd5cm9zY29wZTsgcGljdHVyZS1pbi1waWN0dXJlOyB3ZWItc2hhcmUiIGFsbG93ZnVsbHNjcmVlbj48L2lmcmFtZT4NCjxicj4NCjxoMT7slYTri4jrqbQg67m167m17J20IOyVjOyVhD88aDE+DQo8YnI+DQo8aWZyYW1lIHdpZHRoPSI1NjAiIGhlaWdodD0iMzE1IiBzcmM9Imh0dHBzOi8vd3d3LnlvdXR1YmUuY29tL2VtYmVkL3otRkdLUFZHdjlzP3NpPXNpeHpYY1RoLTNWTEdVMTAmYW1wO3N0YXJ0PTEzIiB0aXRsZT0iWW91VHViZSB2aWRlbyBwbGF5ZXIiIGZyYW1lYm9yZGVyPSIwIiBhbGxvdz0iYWNjZWxlcm9tZXRlcjsgYXV0b3BsYXk7IGNsaXBib2FyZC13cml0ZTsgZW5jcnlwdGVkLW1lZGlhOyBneXJvc2NvcGU7IHBpY3R1cmUtaW4tcGljdHVyZTsgd2ViLXNoYXJlIiBhbGxvd2Z1bGxzY3JlZW4+PC9pZnJhbWU+DQo8YnI+DQoNCnA+PGI+SW5zdGFuY2UgTmFtZTo8L2I+ICQoaG9zdG5hbWUgLWYpIDwvcD4NCjxwPjxiPkluc3RhbmNlIFByaXZhdGUgSXAgQWRkcmVzczogPC9iPiAkbG9jYWxfaXB2NDwvcD4NCjxwPjxiPkF2YWlsYWJpbGl0eSBab25lOiA8L2I+ICRhejwvcD4NCjxwPjxiPlZpcnR1YWwgUHJpdmF0ZSBDbG91ZCAoVlBDKTo8L2I+ICR2cGM8L3A+DQo8YnI+DQo8aWZyYW1lIHdpZHRoPSI1NjAiIGhlaWdodD0iMzE1IiBzcmM9Imh0dHBzOi8vd3d3LnlvdXR1YmUuY29tL2VtYmVkL0VKYm51bEpNVm5NP3NpPU00TlJqREg3WkJNLXM0WE0iIHRpdGxlPSJZb3VUdWJlIHZpZGVvIHBsYXllciIgZnJhbWVib3JkZXI9IjAiIGFsbG93PSJhY2NlbGVyb21ldGVyOyBhdXRvcGxheTsgY2xpcGJvYXJkLXdyaXRlOyBlbmNyeXB0ZWQtbWVkaWE7IGd5cm9zY29wZTsgcGljdHVyZS1pbi1waWN0dXJlOyB3ZWItc2hhcmUiIGFsbG93ZnVsbHNjcmVlbj48L2lmcmFtZT4NCjxicj4NCg0KPC9kaXY+DQo8L2JvZHk+DQo8L2h0bWw+DQoiID4gL3Zhci93d3cvaHRtbC9pbmRleC5odG1sDQoNCiMgQ2xlYW4gdXAgdGhlIHRlbXAgZmlsZXMNCnJtIC1mIC90bXAvbG9jYWxfaXB2NCAvdG1wL2F6IC90bXAvbWFjaWQNCg==",
            "vpc_security_group_ids": [
              "sg-0e2e556556a54edeb"
            ]
          },
          "sensitive_attributes": [],
          "private": "bnVsbA==",
          "dependencies": [
            "aws_security_group.JURKINS",
            "aws_vpc.my-first-terraform-VPC"
          ],
          "create_before_destroy": true
        }
      ]
    },
    {
      "mode": "managed",
      "type": "aws_lb",
      "name": "my-first-terraform-VPC",
      "provider": "provider[\"registry.terraform.io/hashicorp/aws\"]",
      "instances": [
        {
          "schema_version": 0,
          "attributes": {
            "access_logs": [
              {
                "bucket": "",
                "enabled": false,
                "prefix": ""
              }
            ],
            "arn": "arn:aws:elasticloadbalancing:us-east-1:034670134497:loadbalancer/app/app1-load-balancer/66cd7e5c57c99940",
            "arn_suffix": "app/app1-load-balancer/66cd7e5c57c99940",
            "customer_owned_ipv4_pool": "",
            "desync_mitigation_mode": "defensive",
            "dns_name": "app1-load-balancer-196312343.us-east-1.elb.amazonaws.com",
            "drop_invalid_header_fields": false,
            "enable_cross_zone_load_balancing": true,
            "enable_deletion_protection": false,
            "enable_http2": true,
            "enable_waf_fail_open": false,
            "id": "arn:aws:elasticloadbalancing:us-east-1:034670134497:loadbalancer/app/app1-load-balancer/66cd7e5c57c99940",
            "idle_timeout": 60,
            "internal": false,
            "ip_address_type": "ipv4",
            "load_balancer_type": "application",
            "name": "app1-load-balancer",
            "name_prefix": null,
            "security_groups": [
              "sg-0e2e556556a54edeb"
            ],
            "subnet_mapping": [
              {
                "allocation_id": "",
                "ipv6_address": "",
                "outpost_id": "",
                "private_ipv4_address": "",
                "subnet_id": "subnet-01623bd88236abb0a"
              },
              {
                "allocation_id": "",
                "ipv6_address": "",
                "outpost_id": "",
                "private_ipv4_address": "",
                "subnet_id": "subnet-09af95e70f0abdcbd"
              },
              {
                "allocation_id": "",
                "ipv6_address": "",
                "outpost_id": "",
                "private_ipv4_address": "",
                "subnet_id": "subnet-0de2b7b31902d947e"
              }
            ],
            "subnets": [
              "subnet-01623bd88236abb0a",
              "subnet-09af95e70f0abdcbd",
              "subnet-0de2b7b31902d947e"
            ],
            "tags": {
              "Name": "App1LoadBalancer",
              "Owner": "User",
              "Project": "Web Service",
              "Service": "App1"
            },
            "tags_all": {
              "Name": "App1LoadBalancer",
              "Owner": "User",
              "Project": "Web Service",
              "Service": "App1"
            },
            "timeouts": null,
            "vpc_id": "vpc-0728d73384977fb36",
            "zone_id": "Z35SXDOTRQ7X7K"
          },
          "sensitive_attributes": [],
          "private": "eyJlMmJmYjczMC1lY2FhLTExZTYtOGY4OC0zNDM2M2JjN2M0YzAiOnsiY3JlYXRlIjo2MDAwMDAwMDAwMDAsImRlbGV0ZSI6NjAwMDAwMDAwMDAwLCJ1cGRhdGUiOjYwMDAwMDAwMDAwMH19",
          "dependencies": [
            "aws_security_group.JURKINS",
            "aws_subnet.public-us-east-1a",
            "aws_subnet.public-us-east-1b",
            "aws_subnet.public-us-east-1c",
            "aws_vpc.my-first-terraform-VPC"
          ]
        }
      ]
    },
    {
      "mode": "managed",
      "type": "aws_lb_listener",
      "name": "http",
      "provider": "provider[\"registry.terraform.io/hashicorp/aws\"]",
      "instances": [
        {
          "schema_version": 0,
          "attributes": {
            "alpn_policy": null,
            "arn": "arn:aws:elasticloadbalancing:us-east-1:034670134497:listener/app/app1-load-balancer/66cd7e5c57c99940/08e678f52db2e7a6",
            "certificate_arn": null,
            "default_action": [
              {
                "authenticate_cognito": [],
                "authenticate_oidc": [],
                "fixed_response": [],
                "forward": [],
                "order": 1,
                "redirect": [],
                "target_group_arn": "arn:aws:elasticloadbalancing:us-east-1:034670134497:targetgroup/app1-target-group/4526d3c2caabc522",
                "type": "forward"
              }
            ],
            "id": "arn:aws:elasticloadbalancing:us-east-1:034670134497:listener/app/app1-load-balancer/66cd7e5c57c99940/08e678f52db2e7a6",
            "load_balancer_arn": "arn:aws:elasticloadbalancing:us-east-1:034670134497:loadbalancer/app/app1-load-balancer/66cd7e5c57c99940",
            "port": 80,
            "protocol": "HTTP",
            "ssl_policy": "",
            "tags": null,
            "tags_all": {},
            "timeouts": null
          },
          "sensitive_attributes": [],
          "private": "eyJlMmJmYjczMC1lY2FhLTExZTYtOGY4OC0zNDM2M2JjN2M0YzAiOnsicmVhZCI6NjAwMDAwMDAwMDAwfX0=",
          "dependencies": [
            "aws_lb.my-first-terraform-VPC",
            "aws_lb_target_group.app1_tg",
            "aws_security_group.JURKINS",
            "aws_subnet.public-us-east-1a",
            "aws_subnet.public-us-east-1b",
            "aws_subnet.public-us-east-1c",
            "aws_vpc.my-first-terraform-VPC"
          ]
        }
      ]
    },
    {
      "mode": "managed",
      "type": "aws_lb_target_group",
      "name": "app1_tg",
      "provider": "provider[\"registry.terraform.io/hashicorp/aws\"]",
      "instances": [
        {
          "schema_version": 0,
          "attributes": {
            "arn": "arn:aws:elasticloadbalancing:us-east-1:034670134497:targetgroup/app1-target-group/4526d3c2caabc522",
            "arn_suffix": "targetgroup/app1-target-group/4526d3c2caabc522",
            "connection_termination": false,
            "deregistration_delay": "300",
            "health_check": [
              {
                "enabled": true,
                "healthy_threshold": 5,
                "interval": 30,
                "matcher": "200",
                "path": "/",
                "port": "traffic-port",
                "protocol": "HTTP",
                "timeout": 5,
                "unhealthy_threshold": 2
              }
            ],
            "id": "arn:aws:elasticloadbalancing:us-east-1:034670134497:targetgroup/app1-target-group/4526d3c2caabc522",
            "lambda_multi_value_headers_enabled": false,
            "load_balancing_algorithm_type": "round_robin",
            "name": "app1-target-group",
            "name_prefix": null,
            "port": 80,
            "preserve_client_ip": null,
            "protocol": "HTTP",
            "protocol_version": "HTTP1",
            "proxy_protocol_v2": false,
            "slow_start": 0,
            "stickiness": [
              {
                "cookie_duration": 86400,
                "cookie_name": "",
                "enabled": false,
                "type": "lb_cookie"
              }
            ],
            "tags": {
              "Name": "App1TargetGroup",
              "Owner": "User",
              "Project": "Web Service",
              "Service": "App1"
            },
            "tags_all": {
              "Name": "App1TargetGroup",
              "Owner": "User",
              "Project": "Web Service",
              "Service": "App1"
            },
            "target_type": "instance",
            "vpc_id": "vpc-0728d73384977fb36"
          },
          "sensitive_attributes": [],
          "private": "bnVsbA==",
          "dependencies": [
            "aws_vpc.my-first-terraform-VPC"
          ]
        }
      ]
    },
    {
      "mode": "managed",
      "type": "aws_nat_gateway",
      "name": "nat-1",
      "provider": "provider[\"registry.terraform.io/hashicorp/aws\"]",
      "instances": [
        {
          "schema_version": 0,
          "attributes": {
            "allocation_id": "eipalloc-076da65c5fd1be4c2",
            "connectivity_type": "public",
            "id": "nat-0d66ba5535d97166d",
            "network_interface_id": "eni-0f25530dd50a5c6a4",
            "private_ip": "10.87.1.205",
            "public_ip": "34.234.127.209",
            "subnet_id": "subnet-01623bd88236abb0a",
            "tags": {
              "Name": "project-1-VPC",
              "Owner": "강아지",
              "Planet": "몰라 알려줘",
              "Service": "애플 일 번"
            },
            "tags_all": {
              "Name": "project-1-VPC",
              "Owner": "강아지",
              "Planet": "몰라 알려줘",
              "Service": "애플 일 번"
            }
          },
          "sensitive_attributes": [],
          "private": "bnVsbA==",
          "dependencies": [
            "aws_eip.nat",
            "aws_internet_gateway.igw",
            "aws_subnet.public-us-east-1a",
            "aws_vpc.my-first-terraform-VPC"
          ]
        }
      ]
    },
    {
      "mode": "managed",
      "type": "aws_route_table",
      "name": "private",
      "provider": "provider[\"registry.terraform.io/hashicorp/aws\"]",
      "instances": [
        {
          "schema_version": 0,
          "attributes": {
            "arn": "arn:aws:ec2:us-east-1:034670134497:route-table/rtb-062192ee2cf0761c5",
            "id": "rtb-062192ee2cf0761c5",
            "owner_id": "034670134497",
            "propagating_vgws": [],
            "route": [
              {
                "carrier_gateway_id": "",
                "cidr_block": "0.0.0.0/0",
                "destination_prefix_list_id": "",
                "egress_only_gateway_id": "",
                "gateway_id": "",
                "instance_id": "",
                "ipv6_cidr_block": "",
                "local_gateway_id": "",
                "nat_gateway_id": "nat-0d66ba5535d97166d",
                "network_interface_id": "",
                "transit_gateway_id": "",
                "vpc_endpoint_id": "",
                "vpc_peering_connection_id": ""
              }
            ],
            "tags": {
              "Name": "private"
            },
            "tags_all": {
              "Name": "private"
            },
            "timeouts": null,
            "vpc_id": "vpc-0728d73384977fb36"
          },
          "sensitive_attributes": [],
          "private": "eyJlMmJmYjczMC1lY2FhLTExZTYtOGY4OC0zNDM2M2JjN2M0YzAiOnsiY3JlYXRlIjozMDAwMDAwMDAwMDAsImRlbGV0ZSI6MzAwMDAwMDAwMDAwLCJ1cGRhdGUiOjEyMDAwMDAwMDAwMH19",
          "dependencies": [
            "aws_eip.nat",
            "aws_internet_gateway.igw",
            "aws_nat_gateway.nat-1",
            "aws_subnet.public-us-east-1a",
            "aws_vpc.my-first-terraform-VPC"
          ]
        }
      ]
    },
    {
      "mode": "managed",
      "type": "aws_route_table",
      "name": "public",
      "provider": "provider[\"registry.terraform.io/hashicorp/aws\"]",
      "instances": [
        {
          "schema_version": 0,
          "attributes": {
            "arn": "arn:aws:ec2:us-east-1:034670134497:route-table/rtb-0aa9cd5a02c8ce936",
            "id": "rtb-0aa9cd5a02c8ce936",
            "owner_id": "034670134497",
            "propagating_vgws": [],
            "route": [
              {
                "carrier_gateway_id": "",
                "cidr_block": "0.0.0.0/0",
                "destination_prefix_list_id": "",
                "egress_only_gateway_id": "",
                "gateway_id": "igw-0e9f21a90234a93e5",
                "instance_id": "",
                "ipv6_cidr_block": "",
                "local_gateway_id": "",
                "nat_gateway_id": "",
                "network_interface_id": "",
                "transit_gateway_id": "",
                "vpc_endpoint_id": "",
                "vpc_peering_connection_id": ""
              }
            ],
            "tags": {
              "Name": "public"
            },
            "tags_all": {
              "Name": "public"
            },
            "timeouts": null,
            "vpc_id": "vpc-0728d73384977fb36"
          },
          "sensitive_attributes": [],
          "private": "eyJlMmJmYjczMC1lY2FhLTExZTYtOGY4OC0zNDM2M2JjN2M0YzAiOnsiY3JlYXRlIjozMDAwMDAwMDAwMDAsImRlbGV0ZSI6MzAwMDAwMDAwMDAwLCJ1cGRhdGUiOjEyMDAwMDAwMDAwMH19",
          "dependencies": [
            "aws_internet_gateway.igw",
            "aws_vpc.my-first-terraform-VPC"
          ]
        }
      ]
    },
    {
      "mode": "managed",
      "type": "aws_route_table_association",
      "name": "private-us-east-1a",
      "provider": "provider[\"registry.terraform.io/hashicorp/aws\"]",
      "instances": [
        {
          "schema_version": 0,
          "attributes": {
            "gateway_id": "",
            "id": "rtbassoc-0da1dabd5dfd65bff",
            "route_table_id": "rtb-062192ee2cf0761c5",
            "subnet_id": "subnet-08eb1c141162b503c"
          },
          "sensitive_attributes": [],
          "private": "bnVsbA==",
          "dependencies": [
            "aws_eip.nat",
            "aws_internet_gateway.igw",
            "aws_nat_gateway.nat-1",
            "aws_route_table.private",
            "aws_subnet.private-us-east-1a",
            "aws_subnet.public-us-east-1a",
            "aws_vpc.my-first-terraform-VPC"
          ]
        }
      ]
    },
    {
      "mode": "managed",
      "type": "aws_route_table_association",
      "name": "private-us-east-1b",
      "provider": "provider[\"registry.terraform.io/hashicorp/aws\"]",
      "instances": [
        {
          "schema_version": 0,
          "attributes": {
            "gateway_id": "",
            "id": "rtbassoc-0a6c8788ba9d774ba",
            "route_table_id": "rtb-062192ee2cf0761c5",
            "subnet_id": "subnet-002e0ea7b4728661d"
          },
          "sensitive_attributes": [],
          "private": "bnVsbA==",
          "dependencies": [
            "aws_eip.nat",
            "aws_internet_gateway.igw",
            "aws_nat_gateway.nat-1",
            "aws_route_table.private",
            "aws_subnet.private-us-east-1b",
            "aws_subnet.public-us-east-1a",
            "aws_vpc.my-first-terraform-VPC"
          ]
        }
      ]
    },
    {
      "mode": "managed",
      "type": "aws_route_table_association",
      "name": "private-us-east-1c",
      "provider": "provider[\"registry.terraform.io/hashicorp/aws\"]",
      "instances": [
        {
          "schema_version": 0,
          "attributes": {
            "gateway_id": "",
            "id": "rtbassoc-0f6582fb1074f05c1",
            "route_table_id": "rtb-062192ee2cf0761c5",
            "subnet_id": "subnet-0c46871bc59f3a6c3"
          },
          "sensitive_attributes": [],
          "private": "bnVsbA==",
          "dependencies": [
            "aws_eip.nat",
            "aws_internet_gateway.igw",
            "aws_nat_gateway.nat-1",
            "aws_route_table.private",
            "aws_subnet.private-us-east-1c",
            "aws_subnet.public-us-east-1a",
            "aws_vpc.my-first-terraform-VPC"
          ]
        }
      ]
    },
    {
      "mode": "managed",
      "type": "aws_route_table_association",
      "name": "public-us-east-1a",
      "provider": "provider[\"registry.terraform.io/hashicorp/aws\"]",
      "instances": [
        {
          "schema_version": 0,
          "attributes": {
            "gateway_id": "",
            "id": "rtbassoc-00928c20bdd08cade",
            "route_table_id": "rtb-0aa9cd5a02c8ce936",
            "subnet_id": "subnet-01623bd88236abb0a"
          },
          "sensitive_attributes": [],
          "private": "bnVsbA==",
          "dependencies": [
            "aws_internet_gateway.igw",
            "aws_route_table.public",
            "aws_subnet.public-us-east-1a",
            "aws_vpc.my-first-terraform-VPC"
          ]
        }
      ]
    },
    {
      "mode": "managed",
      "type": "aws_route_table_association",
      "name": "public-us-east-1b",
      "provider": "provider[\"registry.terraform.io/hashicorp/aws\"]",
      "instances": [
        {
          "schema_version": 0,
          "attributes": {
            "gateway_id": "",
            "id": "rtbassoc-0a0d1a523f974b47d",
            "route_table_id": "rtb-0aa9cd5a02c8ce936",
            "subnet_id": "subnet-0de2b7b31902d947e"
          },
          "sensitive_attributes": [],
          "private": "bnVsbA==",
          "dependencies": [
            "aws_internet_gateway.igw",
            "aws_route_table.public",
            "aws_subnet.public-us-east-1b",
            "aws_vpc.my-first-terraform-VPC"
          ]
        }
      ]
    },
    {
      "mode": "managed",
      "type": "aws_route_table_association",
      "name": "public-us-east-1c",
      "provider": "provider[\"registry.terraform.io/hashicorp/aws\"]",
      "instances": [
        {
          "schema_version": 0,
          "attributes": {
            "gateway_id": "",
            "id": "rtbassoc-01773bebf08308769",
            "route_table_id": "rtb-0aa9cd5a02c8ce936",
            "subnet_id": "subnet-09af95e70f0abdcbd"
          },
          "sensitive_attributes": [],
          "private": "bnVsbA==",
          "dependencies": [
            "aws_internet_gateway.igw",
            "aws_route_table.public",
            "aws_subnet.public-us-east-1c",
            "aws_vpc.my-first-terraform-VPC"
          ]
        }
      ]
    },
    {
      "mode": "managed",
      "type": "aws_security_group",
      "name": "JURKINS",
      "provider": "provider[\"registry.terraform.io/hashicorp/aws\"]",
      "instances": [
        {
          "schema_version": 1,
          "attributes": {
            "arn": "arn:aws:ec2:us-east-1:034670134497:security-group/sg-0e2e556556a54edeb",
            "description": "Allow TLS inbound traffic",
            "egress": [
              {
                "cidr_blocks": [
                  "0.0.0.0/0"
                ],
                "description": "",
                "from_port": 0,
                "ipv6_cidr_blocks": [
                  "::/0"
                ],
                "prefix_list_ids": [],
                "protocol": "-1",
                "security_groups": [],
                "self": false,
                "to_port": 0
              }
            ],
            "id": "sg-0e2e556556a54edeb",
            "ingress": [
              {
                "cidr_blocks": [
                  "0.0.0.0/0"
                ],
                "description": "HTTP",
                "from_port": 8080,
                "ipv6_cidr_blocks": [],
                "prefix_list_ids": [],
                "protocol": "tcp",
                "security_groups": [],
                "self": false,
                "to_port": 8080
              },
              {
                "cidr_blocks": [
                  "0.0.0.0/0"
                ],
                "description": "HTTP",
                "from_port": 80,
                "ipv6_cidr_blocks": [],
                "prefix_list_ids": [],
                "protocol": "tcp",
                "security_groups": [],
                "self": false,
                "to_port": 80
              },
              {
                "cidr_blocks": [
                  "0.0.0.0/0"
                ],
                "description": "HTTPS",
                "from_port": 443,
                "ipv6_cidr_blocks": [],
                "prefix_list_ids": [],
                "protocol": "tcp",
                "security_groups": [],
                "self": false,
                "to_port": 443
              },
              {
                "cidr_blocks": [
                  "0.0.0.0/0"
                ],
                "description": "SSH",
                "from_port": 22,
                "ipv6_cidr_blocks": [],
                "prefix_list_ids": [],
                "protocol": "tcp",
                "security_groups": [],
                "self": false,
                "to_port": 22
              }
            ],
            "name": "jurkins",
            "name_prefix": "",
            "owner_id": "034670134497",
            "revoke_rules_on_delete": false,
            "tags": {
              "Name": "jurkins-",
              "Owner": "뚜",
              "Service": "SG"
            },
            "tags_all": {
              "Name": "jurkins-",
              "Owner": "뚜",
              "Service": "SG"
            },
            "timeouts": null,
            "vpc_id": "vpc-0728d73384977fb36"
          },
          "sensitive_attributes": [],
          "private": "eyJlMmJmYjczMC1lY2FhLTExZTYtOGY4OC0zNDM2M2JjN2M0YzAiOnsiY3JlYXRlIjo2MDAwMDAwMDAwMDAsImRlbGV0ZSI6OTAwMDAwMDAwMDAwfSwic2NoZW1hX3ZlcnNpb24iOiIxIn0=",
          "dependencies": [
            "aws_vpc.my-first-terraform-VPC"
          ],
          "create_before_destroy": true
        }
      ]
    },
    {
      "mode": "managed",
      "type": "aws_security_group",
      "name": "app1-1521-sg03-DB01",
      "provider": "provider[\"registry.terraform.io/hashicorp/aws\"]",
      "instances": [
        {
          "schema_version": 1,
          "attributes": {
            "arn": "arn:aws:ec2:us-east-1:034670134497:security-group/sg-01aa3ee1ee43ea860",
            "description": "This is the DB database ",
            "egress": [
              {
                "cidr_blocks": [
                  "0.0.0.0/0"
                ],
                "description": "",
                "from_port": 0,
                "ipv6_cidr_blocks": [],
                "prefix_list_ids": [],
                "protocol": "-1",
                "security_groups": [],
                "self": false,
                "to_port": 0
              }
            ],
            "id": "sg-01aa3ee1ee43ea860",
            "ingress": [
              {
                "cidr_blocks": [
                  "0.0.0.0/0"
                ],
                "description": "DB",
                "from_port": 1521,
                "ipv6_cidr_blocks": [],
                "prefix_list_ids": [],
                "protocol": "tcp",
                "security_groups": [],
                "self": false,
                "to_port": 1521
              },
              {
                "cidr_blocks": [
                  "0.0.0.0/0"
                ],
                "description": "DB",
                "from_port": 3306,
                "ipv6_cidr_blocks": [],
                "prefix_list_ids": [],
                "protocol": "tcp",
                "security_groups": [],
                "self": false,
                "to_port": 3306
              }
            ],
            "name": "project-1-DB",
            "name_prefix": "",
            "owner_id": "034670134497",
            "revoke_rules_on_delete": false,
            "tags": {
              "Name": "app1-443-sg03-DB01",
              "Owner": "앤드류",
              "Service": "DB",
              "planet": "내 꺼를 만들어자마!!!!!!!, 만들어지말라고 했다니까 내 꺼라고"
            },
            "tags_all": {
              "Name": "app1-443-sg03-DB01",
              "Owner": "앤드류",
              "Service": "DB",
              "planet": "내 꺼를 만들어자마!!!!!!!, 만들어지말라고 했다니까 내 꺼라고"
            },
            "timeouts": null,
            "vpc_id": "vpc-0728d73384977fb36"
          },
          "sensitive_attributes": [],
          "private": "eyJlMmJmYjczMC1lY2FhLTExZTYtOGY4OC0zNDM2M2JjN2M0YzAiOnsiY3JlYXRlIjo2MDAwMDAwMDAwMDAsImRlbGV0ZSI6OTAwMDAwMDAwMDAwfSwic2NoZW1hX3ZlcnNpb24iOiIxIn0=",
          "dependencies": [
            "aws_vpc.my-first-terraform-VPC"
          ]
        }
      ]
    },
    {
      "mode": "managed",
      "type": "aws_subnet",
      "name": "private-us-east-1a",
      "provider": "provider[\"registry.terraform.io/hashicorp/aws\"]",
      "instances": [
        {
          "schema_version": 1,
          "attributes": {
            "arn": "arn:aws:ec2:us-east-1:034670134497:subnet/subnet-08eb1c141162b503c",
            "assign_ipv6_address_on_creation": false,
            "availability_zone": "us-east-1a",
            "availability_zone_id": "use1-az4",
            "cidr_block": "10.87.11.0/24",
            "customer_owned_ipv4_pool": "",
            "enable_dns64": false,
            "enable_resource_name_dns_a_record_on_launch": false,
            "enable_resource_name_dns_aaaa_record_on_launch": false,
            "id": "subnet-08eb1c141162b503c",
            "ipv6_cidr_block": "",
            "ipv6_cidr_block_association_id": "",
            "ipv6_native": false,
            "map_customer_owned_ip_on_launch": false,
            "map_public_ip_on_launch": true,
            "outpost_arn": "",
            "owner_id": "034670134497",
            "private_dns_hostname_type_on_launch": "ip-name",
            "tags": {
              "Name": "private-us-east-1a",
              "Owner": "뚜",
              "Planet": "바보",
              "Service": "application1"
            },
            "tags_all": {
              "Name": "private-us-east-1a",
              "Owner": "뚜",
              "Planet": "바보",
              "Service": "application1"
            },
            "timeouts": null,
            "vpc_id": "vpc-0728d73384977fb36"
          },
          "sensitive_attributes": [],
          "private": "eyJlMmJmYjczMC1lY2FhLTExZTYtOGY4OC0zNDM2M2JjN2M0YzAiOnsiY3JlYXRlIjo2MDAwMDAwMDAwMDAsImRlbGV0ZSI6MTIwMDAwMDAwMDAwMH0sInNjaGVtYV92ZXJzaW9uIjoiMSJ9",
          "dependencies": [
            "aws_vpc.my-first-terraform-VPC"
          ]
        }
      ]
    },
    {
      "mode": "managed",
      "type": "aws_subnet",
      "name": "private-us-east-1a-1",
      "provider": "provider[\"registry.terraform.io/hashicorp/aws\"]",
      "instances": [
        {
          "schema_version": 1,
          "attributes": {
            "arn": "arn:aws:ec2:us-east-1:034670134497:subnet/subnet-07d795ecce2d9dbd6",
            "assign_ipv6_address_on_creation": false,
            "availability_zone": "us-east-1a",
            "availability_zone_id": "use1-az4",
            "cidr_block": "10.87.21.0/24",
            "customer_owned_ipv4_pool": "",
            "enable_dns64": false,
            "enable_resource_name_dns_a_record_on_launch": false,
            "enable_resource_name_dns_aaaa_record_on_launch": false,
            "id": "subnet-07d795ecce2d9dbd6",
            "ipv6_cidr_block": "",
            "ipv6_cidr_block_association_id": "",
            "ipv6_native": false,
            "map_customer_owned_ip_on_launch": false,
            "map_public_ip_on_launch": true,
            "outpost_arn": "",
            "owner_id": "034670134497",
            "private_dns_hostname_type_on_launch": "ip-name",
            "tags": {
              "Name": "private-us-east-1c",
              "Owner": "뚜",
              "Planet": "바보",
              "Service": "application1"
            },
            "tags_all": {
              "Name": "private-us-east-1c",
              "Owner": "뚜",
              "Planet": "바보",
              "Service": "application1"
            },
            "timeouts": null,
            "vpc_id": "vpc-0728d73384977fb36"
          },
          "sensitive_attributes": [],
          "private": "eyJlMmJmYjczMC1lY2FhLTExZTYtOGY4OC0zNDM2M2JjN2M0YzAiOnsiY3JlYXRlIjo2MDAwMDAwMDAwMDAsImRlbGV0ZSI6MTIwMDAwMDAwMDAwMH0sInNjaGVtYV92ZXJzaW9uIjoiMSJ9",
          "dependencies": [
            "aws_vpc.my-first-terraform-VPC"
          ]
        }
      ]
    },
    {
      "mode": "managed",
      "type": "aws_subnet",
      "name": "private-us-east-1b",
      "provider": "provider[\"registry.terraform.io/hashicorp/aws\"]",
      "instances": [
        {
          "schema_version": 1,
          "attributes": {
            "arn": "arn:aws:ec2:us-east-1:034670134497:subnet/subnet-002e0ea7b4728661d",
            "assign_ipv6_address_on_creation": false,
            "availability_zone": "us-east-1b",
            "availability_zone_id": "use1-az6",
            "cidr_block": "10.87.12.0/24",
            "customer_owned_ipv4_pool": "",
            "enable_dns64": false,
            "enable_resource_name_dns_a_record_on_launch": false,
            "enable_resource_name_dns_aaaa_record_on_launch": false,
            "id": "subnet-002e0ea7b4728661d",
            "ipv6_cidr_block": "",
            "ipv6_cidr_block_association_id": "",
            "ipv6_native": false,
            "map_customer_owned_ip_on_launch": false,
            "map_public_ip_on_launch": true,
            "outpost_arn": "",
            "owner_id": "034670134497",
            "private_dns_hostname_type_on_launch": "ip-name",
            "tags": {
              "Name": "private-us-east-1b",
              "Owner": "뚜",
              "Planet": "바보",
              "Service": "application1"
            },
            "tags_all": {
              "Name": "private-us-east-1b",
              "Owner": "뚜",
              "Planet": "바보",
              "Service": "application1"
            },
            "timeouts": null,
            "vpc_id": "vpc-0728d73384977fb36"
          },
          "sensitive_attributes": [],
          "private": "eyJlMmJmYjczMC1lY2FhLTExZTYtOGY4OC0zNDM2M2JjN2M0YzAiOnsiY3JlYXRlIjo2MDAwMDAwMDAwMDAsImRlbGV0ZSI6MTIwMDAwMDAwMDAwMH0sInNjaGVtYV92ZXJzaW9uIjoiMSJ9",
          "dependencies": [
            "aws_vpc.my-first-terraform-VPC"
          ]
        }
      ]
    },
    {
      "mode": "managed",
      "type": "aws_subnet",
      "name": "private-us-east-1b-2",
      "provider": "provider[\"registry.terraform.io/hashicorp/aws\"]",
      "instances": [
        {
          "schema_version": 1,
          "attributes": {
            "arn": "arn:aws:ec2:us-east-1:034670134497:subnet/subnet-0224f1e42e7393037",
            "assign_ipv6_address_on_creation": false,
            "availability_zone": "us-east-1b",
            "availability_zone_id": "use1-az6",
            "cidr_block": "10.87.22.0/24",
            "customer_owned_ipv4_pool": "",
            "enable_dns64": false,
            "enable_resource_name_dns_a_record_on_launch": false,
            "enable_resource_name_dns_aaaa_record_on_launch": false,
            "id": "subnet-0224f1e42e7393037",
            "ipv6_cidr_block": "",
            "ipv6_cidr_block_association_id": "",
            "ipv6_native": false,
            "map_customer_owned_ip_on_launch": false,
            "map_public_ip_on_launch": true,
            "outpost_arn": "",
            "owner_id": "034670134497",
            "private_dns_hostname_type_on_launch": "ip-name",
            "tags": {
              "Name": "private-us-east-1c",
              "Owner": "뚜",
              "Planet": "바보",
              "Service": "application1"
            },
            "tags_all": {
              "Name": "private-us-east-1c",
              "Owner": "뚜",
              "Planet": "바보",
              "Service": "application1"
            },
            "timeouts": null,
            "vpc_id": "vpc-0728d73384977fb36"
          },
          "sensitive_attributes": [],
          "private": "eyJlMmJmYjczMC1lY2FhLTExZTYtOGY4OC0zNDM2M2JjN2M0YzAiOnsiY3JlYXRlIjo2MDAwMDAwMDAwMDAsImRlbGV0ZSI6MTIwMDAwMDAwMDAwMH0sInNjaGVtYV92ZXJzaW9uIjoiMSJ9",
          "dependencies": [
            "aws_vpc.my-first-terraform-VPC"
          ]
        }
      ]
    },
    {
      "mode": "managed",
      "type": "aws_subnet",
      "name": "private-us-east-1c",
      "provider": "provider[\"registry.terraform.io/hashicorp/aws\"]",
      "instances": [
        {
          "schema_version": 1,
          "attributes": {
            "arn": "arn:aws:ec2:us-east-1:034670134497:subnet/subnet-0c46871bc59f3a6c3",
            "assign_ipv6_address_on_creation": false,
            "availability_zone": "us-east-1c",
            "availability_zone_id": "use1-az1",
            "cidr_block": "10.87.13.0/24",
            "customer_owned_ipv4_pool": "",
            "enable_dns64": false,
            "enable_resource_name_dns_a_record_on_launch": false,
            "enable_resource_name_dns_aaaa_record_on_launch": false,
            "id": "subnet-0c46871bc59f3a6c3",
            "ipv6_cidr_block": "",
            "ipv6_cidr_block_association_id": "",
            "ipv6_native": false,
            "map_customer_owned_ip_on_launch": false,
            "map_public_ip_on_launch": true,
            "outpost_arn": "",
            "owner_id": "034670134497",
            "private_dns_hostname_type_on_launch": "ip-name",
            "tags": {
              "Name": "private-us-east-1c",
              "Owner": "뚜",
              "Planet": "바보",
              "Service": "application1"
            },
            "tags_all": {
              "Name": "private-us-east-1c",
              "Owner": "뚜",
              "Planet": "바보",
              "Service": "application1"
            },
            "timeouts": null,
            "vpc_id": "vpc-0728d73384977fb36"
          },
          "sensitive_attributes": [],
          "private": "eyJlMmJmYjczMC1lY2FhLTExZTYtOGY4OC0zNDM2M2JjN2M0YzAiOnsiY3JlYXRlIjo2MDAwMDAwMDAwMDAsImRlbGV0ZSI6MTIwMDAwMDAwMDAwMH0sInNjaGVtYV92ZXJzaW9uIjoiMSJ9",
          "dependencies": [
            "aws_vpc.my-first-terraform-VPC"
          ]
        }
      ]
    },
    {
      "mode": "managed",
      "type": "aws_subnet",
      "name": "private-us-east-1c-3",
      "provider": "provider[\"registry.terraform.io/hashicorp/aws\"]",
      "instances": [
        {
          "schema_version": 1,
          "attributes": {
            "arn": "arn:aws:ec2:us-east-1:034670134497:subnet/subnet-0bfed5db687013688",
            "assign_ipv6_address_on_creation": false,
            "availability_zone": "us-east-1c",
            "availability_zone_id": "use1-az1",
            "cidr_block": "10.87.23.0/24",
            "customer_owned_ipv4_pool": "",
            "enable_dns64": false,
            "enable_resource_name_dns_a_record_on_launch": false,
            "enable_resource_name_dns_aaaa_record_on_launch": false,
            "id": "subnet-0bfed5db687013688",
            "ipv6_cidr_block": "",
            "ipv6_cidr_block_association_id": "",
            "ipv6_native": false,
            "map_customer_owned_ip_on_launch": false,
            "map_public_ip_on_launch": true,
            "outpost_arn": "",
            "owner_id": "034670134497",
            "private_dns_hostname_type_on_launch": "ip-name",
            "tags": {
              "Name": "private-us-east-1c",
              "Owner": "뚜",
              "Planet": "바보",
              "Service": "application1"
            },
            "tags_all": {
              "Name": "private-us-east-1c",
              "Owner": "뚜",
              "Planet": "바보",
              "Service": "application1"
            },
            "timeouts": null,
            "vpc_id": "vpc-0728d73384977fb36"
          },
          "sensitive_attributes": [],
          "private": "eyJlMmJmYjczMC1lY2FhLTExZTYtOGY4OC0zNDM2M2JjN2M0YzAiOnsiY3JlYXRlIjo2MDAwMDAwMDAwMDAsImRlbGV0ZSI6MTIwMDAwMDAwMDAwMH0sInNjaGVtYV92ZXJzaW9uIjoiMSJ9",
          "dependencies": [
            "aws_vpc.my-first-terraform-VPC"
          ]
        }
      ]
    },
    {
      "mode": "managed",
      "type": "aws_subnet",
      "name": "public-us-east-1a",
      "provider": "provider[\"registry.terraform.io/hashicorp/aws\"]",
      "instances": [
        {
          "schema_version": 1,
          "attributes": {
            "arn": "arn:aws:ec2:us-east-1:034670134497:subnet/subnet-01623bd88236abb0a",
            "assign_ipv6_address_on_creation": false,
            "availability_zone": "us-east-1a",
            "availability_zone_id": "use1-az4",
            "cidr_block": "10.87.1.0/24",
            "customer_owned_ipv4_pool": "",
            "enable_dns64": false,
            "enable_resource_name_dns_a_record_on_launch": false,
            "enable_resource_name_dns_aaaa_record_on_launch": false,
            "id": "subnet-01623bd88236abb0a",
            "ipv6_cidr_block": "",
            "ipv6_cidr_block_association_id": "",
            "ipv6_native": false,
            "map_customer_owned_ip_on_launch": false,
            "map_public_ip_on_launch": true,
            "outpost_arn": "",
            "owner_id": "034670134497",
            "private_dns_hostname_type_on_launch": "ip-name",
            "tags": {
              "Name": "public-us-east-1a",
              "Owner": "뚜",
              "Planet": "바보",
              "Service": "application1"
            },
            "tags_all": {
              "Name": "public-us-east-1a",
              "Owner": "뚜",
              "Planet": "바보",
              "Service": "application1"
            },
            "timeouts": null,
            "vpc_id": "vpc-0728d73384977fb36"
          },
          "sensitive_attributes": [],
          "private": "eyJlMmJmYjczMC1lY2FhLTExZTYtOGY4OC0zNDM2M2JjN2M0YzAiOnsiY3JlYXRlIjo2MDAwMDAwMDAwMDAsImRlbGV0ZSI6MTIwMDAwMDAwMDAwMH0sInNjaGVtYV92ZXJzaW9uIjoiMSJ9",
          "dependencies": [
            "aws_vpc.my-first-terraform-VPC"
          ]
        }
      ]
    },
    {
      "mode": "managed",
      "type": "aws_subnet",
      "name": "public-us-east-1b",
      "provider": "provider[\"registry.terraform.io/hashicorp/aws\"]",
      "instances": [
        {
          "schema_version": 1,
          "attributes": {
            "arn": "arn:aws:ec2:us-east-1:034670134497:subnet/subnet-0de2b7b31902d947e",
            "assign_ipv6_address_on_creation": false,
            "availability_zone": "us-east-1b",
            "availability_zone_id": "use1-az6",
            "cidr_block": "10.87.2.0/24",
            "customer_owned_ipv4_pool": "",
            "enable_dns64": false,
            "enable_resource_name_dns_a_record_on_launch": false,
            "enable_resource_name_dns_aaaa_record_on_launch": false,
            "id": "subnet-0de2b7b31902d947e",
            "ipv6_cidr_block": "",
            "ipv6_cidr_block_association_id": "",
            "ipv6_native": false,
            "map_customer_owned_ip_on_launch": false,
            "map_public_ip_on_launch": true,
            "outpost_arn": "",
            "owner_id": "034670134497",
            "private_dns_hostname_type_on_launch": "ip-name",
            "tags": {
              "Name": "public-us-east-1b",
              "Owner": "뚜",
              "Planet": "바보",
              "Service": "application1"
            },
            "tags_all": {
              "Name": "public-us-east-1b",
              "Owner": "뚜",
              "Planet": "바보",
              "Service": "application1"
            },
            "timeouts": null,
            "vpc_id": "vpc-0728d73384977fb36"
          },
          "sensitive_attributes": [],
          "private": "eyJlMmJmYjczMC1lY2FhLTExZTYtOGY4OC0zNDM2M2JjN2M0YzAiOnsiY3JlYXRlIjo2MDAwMDAwMDAwMDAsImRlbGV0ZSI6MTIwMDAwMDAwMDAwMH0sInNjaGVtYV92ZXJzaW9uIjoiMSJ9",
          "dependencies": [
            "aws_vpc.my-first-terraform-VPC"
          ]
        }
      ]
    },
    {
      "mode": "managed",
      "type": "aws_subnet",
      "name": "public-us-east-1c",
      "provider": "provider[\"registry.terraform.io/hashicorp/aws\"]",
      "instances": [
        {
          "schema_version": 1,
          "attributes": {
            "arn": "arn:aws:ec2:us-east-1:034670134497:subnet/subnet-09af95e70f0abdcbd",
            "assign_ipv6_address_on_creation": false,
            "availability_zone": "us-east-1c",
            "availability_zone_id": "use1-az1",
            "cidr_block": "10.87.3.0/24",
            "customer_owned_ipv4_pool": "",
            "enable_dns64": false,
            "enable_resource_name_dns_a_record_on_launch": false,
            "enable_resource_name_dns_aaaa_record_on_launch": false,
            "id": "subnet-09af95e70f0abdcbd",
            "ipv6_cidr_block": "",
            "ipv6_cidr_block_association_id": "",
            "ipv6_native": false,
            "map_customer_owned_ip_on_launch": false,
            "map_public_ip_on_launch": true,
            "outpost_arn": "",
            "owner_id": "034670134497",
            "private_dns_hostname_type_on_launch": "ip-name",
            "tags": {
              "Name": "public-us-east-1c",
              "Owner": "뚜",
              "Planet": "바보",
              "Service": "application1"
            },
            "tags_all": {
              "Name": "public-us-east-1c",
              "Owner": "뚜",
              "Planet": "바보",
              "Service": "application1"
            },
            "timeouts": null,
            "vpc_id": "vpc-0728d73384977fb36"
          },
          "sensitive_attributes": [],
          "private": "eyJlMmJmYjczMC1lY2FhLTExZTYtOGY4OC0zNDM2M2JjN2M0YzAiOnsiY3JlYXRlIjo2MDAwMDAwMDAwMDAsImRlbGV0ZSI6MTIwMDAwMDAwMDAwMH0sInNjaGVtYV92ZXJzaW9uIjoiMSJ9",
          "dependencies": [
            "aws_vpc.my-first-terraform-VPC"
          ]
        }
      ]
    },
    {
      "mode": "managed",
      "type": "aws_vpc",
      "name": "my-first-terraform-VPC",
      "provider": "provider[\"registry.terraform.io/hashicorp/aws\"]",
      "instances": [
        {
          "schema_version": 1,
          "attributes": {
            "arn": "arn:aws:ec2:us-east-1:034670134497:vpc/vpc-0728d73384977fb36",
            "assign_generated_ipv6_cidr_block": false,
            "cidr_block": "10.87.0.0/16",
            "default_network_acl_id": "acl-05cc9fe335e69ad34",
            "default_route_table_id": "rtb-06e888b91f096a412",
            "default_security_group_id": "sg-03609bf80f2a1bc3f",
            "dhcp_options_id": "dopt-0910a0fbfe3498dad",
            "enable_classiclink": false,
            "enable_classiclink_dns_support": false,
            "enable_dns_hostnames": false,
            "enable_dns_support": true,
            "id": "vpc-0728d73384977fb36",
            "instance_tenancy": "default",
            "ipv4_ipam_pool_id": null,
            "ipv4_netmask_length": null,
            "ipv6_association_id": "",
            "ipv6_cidr_block": "",
            "ipv6_cidr_block_network_border_group": "",
            "ipv6_ipam_pool_id": "",
            "ipv6_netmask_length": 0,
            "main_route_table_id": "rtb-06e888b91f096a412",
            "owner_id": "034670134497",
            "tags": {
              "Name": "project-1-My-VPC",
              "Owner": "강아지",
              "Planet": "몰라 알려줘",
              "Service": "애플 일"
            },
            "tags_all": {
              "Name": "project-1-My-VPC",
              "Owner": "강아지",
              "Planet": "몰라 알려줘",
              "Service": "애플 일"
            }
          },
          "sensitive_attributes": [],
          "private": "eyJzY2hlbWFfdmVyc2lvbiI6IjEifQ==",
          "create_before_destroy": true
        }
      ]
    },
    {
      "mode": "managed",
      "type": "local_file",
      "name": "JURKINS_keys",
      "provider": "provider[\"registry.terraform.io/hashicorp/local\"]",
      "instances": [
        {
          "schema_version": 0,
          "attributes": {
            "content": "access_key,secret_key\nAKIAQQEUAITQY6BB37EP,5ZHrmzUVAa5oqdVoc2JUbTBOHSGSVsowA6fntK+R",
            "content_base64": null,
            "content_base64sha256": "0ZCV0yhV09Go5r4ccceCjnVqqZEJPxjjEKAH3pW3RmA=",
            "content_base64sha512": "hRgYbI6CWyLO6iI0t4+HRqsz5XJ8mJ6LdQDH2C4dMuOgpwiOYcVRbtfuN5M38yKF3lFnTaYnraMi5i8mnCFrdQ==",
            "content_md5": "4eb0e4bd79a92878fc4e7af934b48125",
            "content_sha1": "e0c0d2dea586ded1323775bafe094d4596a33bda",
            "content_sha256": "d19095d32855d3d1a8e6be1c71c7828e756aa991093f18e310a007de95b74660",
            "content_sha512": "8518186c8e825b22ceea2234b78f8746ab33e5727c989e8b7500c7d82e1d32e3a0a7088e61c5516ed7ee379337f32285de51674da627ada322e62f269c216b75",
            "directory_permission": "0777",
            "file_permission": "0777",
            "filename": "achintha-keys.csv",
            "id": "e0c0d2dea586ded1323775bafe094d4596a33bda",
            "sensitive_content": null,
            "source": null
          },
          "sensitive_attributes": [
            [
              {
                "type": "get_attr",
                "value": "content"
              }
            ]
          ],
          "dependencies": [
            "aws_iam_access_key.JURKINS_access_key",
            "aws_iam_user.JURKINS"
          ]
        }
      ]
    },
    {
      "mode": "managed",
      "type": "local_file",
      "name": "Peter-Griffin_keys",
      "provider": "provider[\"registry.terraform.io/hashicorp/local\"]",
      "instances": [
        {
          "schema_version": 0,
          "attributes": {
            "content": "access_key,secret_key\nAKIAQQEUAITQ2S63Y4HQ,Tc9Pw9lOYshrYcIjNUr8onHIGjUI0i14fNL3/GHp",
            "content_base64": null,
            "content_base64sha256": "8Hq2h8jQTvkE7xSpF0ghsSCMTfcKESv9UmfIvF/WuGY=",
            "content_base64sha512": "Gkecrbb4b3iUFQbEC41shLlZMHdY3Pl2q3wks9hP5Bp1isKbTbj9Ki1EiltWymPV6OPbcYVzdQoR8tCIYwWg4Q==",
            "content_md5": "7a936b0719385eb5047a6a1281fb4e38",
            "content_sha1": "64331cbe305cdbbdf5b6fd6c79a84630956ff4d1",
            "content_sha256": "f07ab687c8d04ef904ef14a9174821b1208c4df70a112bfd5267c8bc5fd6b866",
            "content_sha512": "1a479cadb6f86f78941506c40b8d6c84b959307758dcf976ab7c24b3d84fe41a758ac29b4db8fd2a2d448a5b56ca63d5e8e3db718573750a11f2d0886305a0e1",
            "directory_permission": "0777",
            "file_permission": "0777",
            "filename": "achintha-keys.csv",
            "id": "64331cbe305cdbbdf5b6fd6c79a84630956ff4d1",
            "sensitive_content": null,
            "source": null
          },
          "sensitive_attributes": [
            [
              {
                "type": "get_attr",
                "value": "content"
              }
            ]
          ],
          "dependencies": [
            "aws_iam_access_key.Peter-Griffin_access_key",
            "aws_iam_user.Peter-Griffin"
          ]
        }
      ]
    },
    {
      "mode": "managed",
      "type": "local_file",
      "name": "Thanos_keys",
      "provider": "provider[\"registry.terraform.io/hashicorp/local\"]",
      "instances": [
        {
          "schema_version": 0,
          "attributes": {
            "content": "access_key,secret_key\nAKIAQQEUAITQZTPE2DP2,5K4ESPbru5QrE8/ClciQcBrvswkBIBs0OSkJpL0C",
            "content_base64": null,
            "content_base64sha256": "Jz3/7HgUkAFU4UCacTif+MQOcXMAafIQleVBYOrfLfc=",
            "content_base64sha512": "OhsQvmHOidOnGqeugo0tTozXkIJTRZWVIsfjbOcF95P5IrLVC+7S2/s9E0KONU3rO0SMRQimaQNVC5HhWkGJWw==",
            "content_md5": "54d62c973308c39e019fc6b65aa5897d",
            "content_sha1": "20ec97cbc5fd650f0679b5e6e2bbd8aff297512e",
            "content_sha256": "273dffec7814900154e1409a71389ff8c40e71730069f21095e54160eadf2df7",
            "content_sha512": "3a1b10be61ce89d3a71aa7ae828d2d4e8cd790825345959522c7e36ce705f793f922b2d50beed2dbfb3d13428e354deb3b448c4508a66903550b91e15a41895b",
            "directory_permission": "0777",
            "file_permission": "0777",
            "filename": "achintha-keys.csv",
            "id": "20ec97cbc5fd650f0679b5e6e2bbd8aff297512e",
            "sensitive_content": null,
            "source": null
          },
          "sensitive_attributes": [
            [
              {
                "type": "get_attr",
                "value": "content"
              }
            ]
          ],
          "dependencies": [
            "aws_iam_access_key.Thanos_access_key",
            "aws_iam_user.Thanos"
          ]
        }
      ]
    }
  ],
  "check_results": null
}
